
Microsoft Visual Studio Solution File, Format Version 12.00
# Visual Studio 15
VisualStudioVersion = 15.0.28010.2019
MinimumVisualStudioVersion = 10.0.40219.1
Project("{FAE04EC0-301F-11D3-BF4B-00C04F79EFBC}") = "NLP", "NLP\NLP.csproj", "{91D1B79D-754B-4D45-A975-41B9104DF07D}"
EndProject
Global
	GlobalSection(SolutionConfigurationPlatforms) = preSolution
		Debug|Any CPU = Debug|Any CPU
		Release|Any CPU = Release|Any CPU
	EndGlobalSection
	GlobalSection(ProjectConfigurationPlatforms) = postSolution
		{91D1B79D-754B-4D45-A975-41B9104DF07D}.Debug|Any CPU.ActiveCfg = Debug|Any CPU
		{91D1B79D-754B-4D45-A975-41B9104DF07D}.Debug|Any CPU.Build.0 = Debug|Any CPU
		{91D1B79D-754B-4D45-A975-41B9104DF07D}.Release|Any CPU.ActiveCfg = Release|Any CPU
		{91D1B79D-754B-4D45-A975-41B9104DF07D}.Release|Any CPU.Build.0 = Release|Any CPU
	EndGlobalSection
	GlobalSection(SolutionProperties) = preSolution
		HideSolutionNode = FALSE
	EndGlobalSection
	GlobalSection(ExtensibilityGlobals) = postSolution
		SolutionGuid = {B3CC853E-C9E7-41EC-8ECD-1986E9DEC83C}
	EndGlobalSection
EndGlobal
