{
  "requires": true,
  "lockfileVersion": 1,
  "dependencies": {
    "wink-lemmatizer": {
      "version": "3.0.1",
      "resolved": "https://registry.npmjs.org/wink-lemmatizer/-/wink-lemmatizer-3.0.1.tgz",
      "integrity": "sha512-i3UFptXN8zqRaum4CWBGAXkpK6gtPU9a0/M5U9t2epBd68sr9WX7mFWKfMuSAJoc9w0HXHZOXsuGvTRxjCSWPQ==",
      "requires": {
        "wink-lexicon": "2.0.1",
        "wink-porter2-stemmer": "2.0.0"
      }
    },
    "wink-lexicon": {
      "version": "2.0.1",
      "resolved": "https://registry.npmjs.org/wink-lexicon/-/wink-lexicon-2.0.1.tgz",
      "integrity": "sha512-lrgCZB131gYfdQuaGdfzOjWN8ELl0Yfo3wnKkfSIC4lP91N2xzrqUC2J/diSsPwpM2eLExhmwL6nZrWpvxP28A=="
    },
    "wink-porter2-stemmer": {
      "version": "2.0.0",
      "resolved": "https://registry.npmjs.org/wink-porter2-stemmer/-/wink-porter2-stemmer-2.0.0.tgz",
      "integrity": "sha512-FWhpKShRnZvYWOWzbRs5r2IpfXOmYWkk0C5Fjj8nInBAH5mFtIRpla2mViM8iC0K3QreyMIARXSACf5xC8IAKg=="
    }
  }
}
